
Microsoft Visual Studio Solution File, Format Version 12.00
# Visual Studio Version 17
VisualStudioVersion = 17.14.36518.9
MinimumVisualStudioVersion = 10.0.40219.1
Project("{FAE04EC0-301F-11D3-BF4B-00C04F79EFBC}") = "Bardcoded.AppHost", "Bardcoded.AppHost\Bardcoded.AppHost.csproj", "{40C2F171-8B6F-45BB-897C-BDE14D829347}"
EndProject
Project("{FAE04EC0-301F-11D3-BF4B-00C04F79EFBC}") = "Bardcoded.ServiceDefaults", "Bardcoded.ServiceDefaults\Bardcoded.ServiceDefaults.csproj", "{5F8FEB6D-A2B0-D4B8-ED65-17E9549CA037}"
EndProject
Project("{FAE04EC0-301F-11D3-BF4B-00C04F79EFBC}") = "Bardcoded.ApiService", "Bardcoded.ApiService\Bardcoded.ApiService.csproj", "{3068C7DC-D6DE-7580-5DFA-DF34D41393CD}"
EndProject
Project("{FAE04EC0-301F-11D3-BF4B-00C04F79EFBC}") = "Bardcoded.Tests", "Bardcoded.Tests\Bardcoded.Tests.csproj", "{13597131-B04C-D654-4C7E-0FF882E51C63}"
EndProject
Project("{FAE04EC0-301F-11D3-BF4B-00C04F79EFBC}") = "Bardcoded.Wasm", "Bardcoded.Wasm\Bardcoded.Wasm.csproj", "{E43B3694-2230-4FB4-8645-FF207E5E6AFC}"
EndProject
Project("{FAE04EC0-301F-11D3-BF4B-00C04F79EFBC}") = "Bardcoded.Data", "Bardcoded.Data\Bardcoded.Data.csproj", "{8E843BE6-6367-40DC-B62F-FFDA9160B42B}"
EndProject
Project("{2150E333-8FDC-42A3-9474-1A3956D46DE8}") = "Solution Items", "Solution Items", "{8EC462FD-D22E-90A8-E5CE-7E832BA40C5D}"
	ProjectSection(SolutionItems) = preProject
		.gitignore = .gitignore
		README.md = README.md
	EndProjectSection
EndProject
Project("{FAE04EC0-301F-11D3-BF4B-00C04F79EFBC}") = "Bardcoded.PlaywrightTests", "Bardcoded.PlaywrightTests\Bardcoded.PlaywrightTests.csproj", "{4F3F97D8-79A1-45B5-A2EB-4520CDD1977B}"
EndProject
Global
	GlobalSection(SolutionConfigurationPlatforms) = preSolution
		Debug|Any CPU = Debug|Any CPU
		Debug|x64 = Debug|x64
		Debug|x86 = Debug|x86
		Release|Any CPU = Release|Any CPU
		Release|x64 = Release|x64
		Release|x86 = Release|x86
	EndGlobalSection
	GlobalSection(ProjectConfigurationPlatforms) = postSolution
		{40C2F171-8B6F-45BB-897C-BDE14D829347}.Debug|Any CPU.ActiveCfg = Debug|Any CPU
		{40C2F171-8B6F-45BB-897C-BDE14D829347}.Debug|Any CPU.Build.0 = Debug|Any CPU
		{40C2F171-8B6F-45BB-897C-BDE14D829347}.Debug|x64.ActiveCfg = Debug|Any CPU
		{40C2F171-8B6F-45BB-897C-BDE14D829347}.Debug|x64.Build.0 = Debug|Any CPU
		{40C2F171-8B6F-45BB-897C-BDE14D829347}.Debug|x86.ActiveCfg = Debug|Any CPU
		{40C2F171-8B6F-45BB-897C-BDE14D829347}.Debug|x86.Build.0 = Debug|Any CPU
		{40C2F171-8B6F-45BB-897C-BDE14D829347}.Release|Any CPU.ActiveCfg = Release|Any CPU
		{40C2F171-8B6F-45BB-897C-BDE14D829347}.Release|Any CPU.Build.0 = Release|Any CPU
		{40C2F171-8B6F-45BB-897C-BDE14D829347}.Release|x64.ActiveCfg = Release|Any CPU
		{40C2F171-8B6F-45BB-897C-BDE14D829347}.Release|x64.Build.0 = Release|Any CPU
		{40C2F171-8B6F-45BB-897C-BDE14D829347}.Release|x86.ActiveCfg = Release|Any CPU
		{40C2F171-8B6F-45BB-897C-BDE14D829347}.Release|x86.Build.0 = Release|Any CPU
		{5F8FEB6D-A2B0-D4B8-ED65-17E9549CA037}.Debug|Any CPU.ActiveCfg = Debug|Any CPU
		{5F8FEB6D-A2B0-D4B8-ED65-17E9549CA037}.Debug|Any CPU.Build.0 = Debug|Any CPU
		{5F8FEB6D-A2B0-D4B8-ED65-17E9549CA037}.Debug|x64.ActiveCfg = Debug|Any CPU
		{5F8FEB6D-A2B0-D4B8-ED65-17E9549CA037}.Debug|x64.Build.0 = Debug|Any CPU
		{5F8FEB6D-A2B0-D4B8-ED65-17E9549CA037}.Debug|x86.ActiveCfg = Debug|Any CPU
		{5F8FEB6D-A2B0-D4B8-ED65-17E9549CA037}.Debug|x86.Build.0 = Debug|Any CPU
		{5F8FEB6D-A2B0-D4B8-ED65-17E9549CA037}.Release|Any CPU.ActiveCfg = Release|Any CPU
		{5F8FEB6D-A2B0-D4B8-ED65-17E9549CA037}.Release|Any CPU.Build.0 = Release|Any CPU
		{5F8FEB6D-A2B0-D4B8-ED65-17E9549CA037}.Release|x64.ActiveCfg = Release|Any CPU
		{5F8FEB6D-A2B0-D4B8-ED65-17E9549CA037}.Release|x64.Build.0 = Release|Any CPU
		{5F8FEB6D-A2B0-D4B8-ED65-17E9549CA037}.Release|x86.ActiveCfg = Release|Any CPU
		{5F8FEB6D-A2B0-D4B8-ED65-17E9549CA037}.Release|x86.Build.0 = Release|Any CPU
		{3068C7DC-D6DE-7580-5DFA-DF34D41393CD}.Debug|Any CPU.ActiveCfg = Debug|Any CPU
		{3068C7DC-D6DE-7580-5DFA-DF34D41393CD}.Debug|Any CPU.Build.0 = Debug|Any CPU
		{3068C7DC-D6DE-7580-5DFA-DF34D41393CD}.Debug|x64.ActiveCfg = Debug|Any CPU
		{3068C7DC-D6DE-7580-5DFA-DF34D41393CD}.Debug|x64.Build.0 = Debug|Any CPU
		{3068C7DC-D6DE-7580-5DFA-DF34D41393CD}.Debug|x86.ActiveCfg = Debug|Any CPU
		{3068C7DC-D6DE-7580-5DFA-DF34D41393CD}.Debug|x86.Build.0 = Debug|Any CPU
		{3068C7DC-D6DE-7580-5DFA-DF34D41393CD}.Release|Any CPU.ActiveCfg = Release|Any CPU
		{3068C7DC-D6DE-7580-5DFA-DF34D41393CD}.Release|Any CPU.Build.0 = Release|Any CPU
		{3068C7DC-D6DE-7580-5DFA-DF34D41393CD}.Release|x64.ActiveCfg = Release|Any CPU
		{3068C7DC-D6DE-7580-5DFA-DF34D41393CD}.Release|x64.Build.0 = Release|Any CPU
		{3068C7DC-D6DE-7580-5DFA-DF34D41393CD}.Release|x86.ActiveCfg = Release|Any CPU
		{3068C7DC-D6DE-7580-5DFA-DF34D41393CD}.Release|x86.Build.0 = Release|Any CPU
		{13597131-B04C-D654-4C7E-0FF882E51C63}.Debug|Any CPU.ActiveCfg = Debug|Any CPU
		{13597131-B04C-D654-4C7E-0FF882E51C63}.Debug|Any CPU.Build.0 = Debug|Any CPU
		{13597131-B04C-D654-4C7E-0FF882E51C63}.Debug|x64.ActiveCfg = Debug|Any CPU
		{13597131-B04C-D654-4C7E-0FF882E51C63}.Debug|x64.Build.0 = Debug|Any CPU
		{13597131-B04C-D654-4C7E-0FF882E51C63}.Debug|x86.ActiveCfg = Debug|Any CPU
		{13597131-B04C-D654-4C7E-0FF882E51C63}.Debug|x86.Build.0 = Debug|Any CPU
		{13597131-B04C-D654-4C7E-0FF882E51C63}.Release|Any CPU.ActiveCfg = Release|Any CPU
		{13597131-B04C-D654-4C7E-0FF882E51C63}.Release|Any CPU.Build.0 = Release|Any CPU
		{13597131-B04C-D654-4C7E-0FF882E51C63}.Release|x64.ActiveCfg = Release|Any CPU
		{13597131-B04C-D654-4C7E-0FF882E51C63}.Release|x64.Build.0 = Release|Any CPU
		{13597131-B04C-D654-4C7E-0FF882E51C63}.Release|x86.ActiveCfg = Release|Any CPU
		{13597131-B04C-D654-4C7E-0FF882E51C63}.Release|x86.Build.0 = Release|Any CPU
		{E43B3694-2230-4FB4-8645-FF207E5E6AFC}.Debug|Any CPU.ActiveCfg = Debug|Any CPU
		{E43B3694-2230-4FB4-8645-FF207E5E6AFC}.Debug|Any CPU.Build.0 = Debug|Any CPU
		{E43B3694-2230-4FB4-8645-FF207E5E6AFC}.Debug|x64.ActiveCfg = Debug|Any CPU
		{E43B3694-2230-4FB4-8645-FF207E5E6AFC}.Debug|x64.Build.0 = Debug|Any CPU
		{E43B3694-2230-4FB4-8645-FF207E5E6AFC}.Debug|x86.ActiveCfg = Debug|Any CPU
		{E43B3694-2230-4FB4-8645-FF207E5E6AFC}.Debug|x86.Build.0 = Debug|Any CPU
		{E43B3694-2230-4FB4-8645-FF207E5E6AFC}.Release|Any CPU.ActiveCfg = Release|Any CPU
		{E43B3694-2230-4FB4-8645-FF207E5E6AFC}.Release|Any CPU.Build.0 = Release|Any CPU
		{E43B3694-2230-4FB4-8645-FF207E5E6AFC}.Release|x64.ActiveCfg = Release|Any CPU
		{E43B3694-2230-4FB4-8645-FF207E5E6AFC}.Release|x64.Build.0 = Release|Any CPU
		{E43B3694-2230-4FB4-8645-FF207E5E6AFC}.Release|x86.ActiveCfg = Release|Any CPU
		{E43B3694-2230-4FB4-8645-FF207E5E6AFC}.Release|x86.Build.0 = Release|Any CPU
		{8E843BE6-6367-40DC-B62F-FFDA9160B42B}.Debug|Any CPU.ActiveCfg = Debug|Any CPU
		{8E843BE6-6367-40DC-B62F-FFDA9160B42B}.Debug|Any CPU.Build.0 = Debug|Any CPU
		{8E843BE6-6367-40DC-B62F-FFDA9160B42B}.Debug|x64.ActiveCfg = Debug|Any CPU
		{8E843BE6-6367-40DC-B62F-FFDA9160B42B}.Debug|x64.Build.0 = Debug|Any CPU
		{8E843BE6-6367-40DC-B62F-FFDA9160B42B}.Debug|x86.ActiveCfg = Debug|Any CPU
		{8E843BE6-6367-40DC-B62F-FFDA9160B42B}.Debug|x86.Build.0 = Debug|Any CPU
		{8E843BE6-6367-40DC-B62F-FFDA9160B42B}.Release|Any CPU.ActiveCfg = Release|Any CPU
		{8E843BE6-6367-40DC-B62F-FFDA9160B42B}.Release|Any CPU.Build.0 = Release|Any CPU
		{8E843BE6-6367-40DC-B62F-FFDA9160B42B}.Release|x64.ActiveCfg = Release|Any CPU
		{8E843BE6-6367-40DC-B62F-FFDA9160B42B}.Release|x64.Build.0 = Release|Any CPU
		{8E843BE6-6367-40DC-B62F-FFDA9160B42B}.Release|x86.ActiveCfg = Release|Any CPU
		{8E843BE6-6367-40DC-B62F-FFDA9160B42B}.Release|x86.Build.0 = Release|Any CPU
		{4F3F97D8-79A1-45B5-A2EB-4520CDD1977B}.Debug|Any CPU.ActiveCfg = Debug|Any CPU
		{4F3F97D8-79A1-45B5-A2EB-4520CDD1977B}.Debug|Any CPU.Build.0 = Debug|Any CPU
		{4F3F97D8-79A1-45B5-A2EB-4520CDD1977B}.Debug|x64.ActiveCfg = Debug|Any CPU
		{4F3F97D8-79A1-45B5-A2EB-4520CDD1977B}.Debug|x64.Build.0 = Debug|Any CPU
		{4F3F97D8-79A1-45B5-A2EB-4520CDD1977B}.Debug|x86.ActiveCfg = Debug|Any CPU
		{4F3F97D8-79A1-45B5-A2EB-4520CDD1977B}.Debug|x86.Build.0 = Debug|Any CPU
		{4F3F97D8-79A1-45B5-A2EB-4520CDD1977B}.Release|Any CPU.ActiveCfg = Release|Any CPU
		{4F3F97D8-79A1-45B5-A2EB-4520CDD1977B}.Release|Any CPU.Build.0 = Release|Any CPU
		{4F3F97D8-79A1-45B5-A2EB-4520CDD1977B}.Release|x64.ActiveCfg = Release|Any CPU
		{4F3F97D8-79A1-45B5-A2EB-4520CDD1977B}.Release|x64.Build.0 = Release|Any CPU
		{4F3F97D8-79A1-45B5-A2EB-4520CDD1977B}.Release|x86.ActiveCfg = Release|Any CPU
		{4F3F97D8-79A1-45B5-A2EB-4520CDD1977B}.Release|x86.Build.0 = Release|Any CPU
	EndGlobalSection
	GlobalSection(SolutionProperties) = preSolution
		HideSolutionNode = FALSE
	EndGlobalSection
	GlobalSection(ExtensibilityGlobals) = postSolution
		SolutionGuid = {FC00B8F7-307A-4531-BD91-E7F4BFD76C8C}
	EndGlobalSection
EndGlobal
